
Microsoft Visual Studio Solution File, Format Version 12.00
# Visual Studio 15
VisualStudioVersion = 15.0.28307.329
MinimumVisualStudioVersion = 10.0.40219.1
Project("{8BC9CEB8-8B4A-11D0-8D11-00A0C91BC942}") = "internal", "internal\sdk-internal.vcxproj", "{00470225-318D-424C-B427-3E61BC2C5187}"
	ProjectSection(ProjectDependencies) = postProject
		{14693D1A-CCD2-4B0B-A8AA-CB667C3C2334} = {14693D1A-CCD2-4B0B-A8AA-CB667C3C2334}
	EndProjectSection
EndProject
Project("{8BC9CEB8-8B4A-11D0-8D11-00A0C91BC942}") = "library", "library\library.vcxproj", "{14693D1A-CCD2-4B0B-A8AA-CB667C3C2334}"
EndProject
Global
	GlobalSection(SolutionConfigurationPlatforms) = preSolution
		Debug|x64 = Debug|x64
		Debug|x86 = Debug|x86
		Release|x64 = Release|x64
		Release|x86 = Release|x86
	EndGlobalSection
	GlobalSection(ProjectConfigurationPlatforms) = postSolution
		{00470225-318D-424C-B427-3E61BC2C5187}.Debug|x64.ActiveCfg = Debug|x64
		{00470225-318D-424C-B427-3E61BC2C5187}.Debug|x64.Build.0 = Debug|x64
		{00470225-318D-424C-B427-3E61BC2C5187}.Debug|x86.ActiveCfg = Debug|Win32
		{00470225-318D-424C-B427-3E61BC2C5187}.Debug|x86.Build.0 = Debug|Win32
		{00470225-318D-424C-B427-3E61BC2C5187}.Release|x64.ActiveCfg = Release|x64
		{00470225-318D-424C-B427-3E61BC2C5187}.Release|x64.Build.0 = Release|x64
		{00470225-318D-424C-B427-3E61BC2C5187}.Release|x86.ActiveCfg = Release|Win32
		{00470225-318D-424C-B427-3E61BC2C5187}.Release|x86.Build.0 = Release|Win32
		{14693D1A-CCD2-4B0B-A8AA-CB667C3C2334}.Debug|x64.ActiveCfg = Debug|x64
		{14693D1A-CCD2-4B0B-A8AA-CB667C3C2334}.Debug|x64.Build.0 = Debug|x64
		{14693D1A-CCD2-4B0B-A8AA-CB667C3C2334}.Debug|x86.ActiveCfg = Debug|Win32
		{14693D1A-CCD2-4B0B-A8AA-CB667C3C2334}.Debug|x86.Build.0 = Debug|Win32
		{14693D1A-CCD2-4B0B-A8AA-CB667C3C2334}.Release|x64.ActiveCfg = Release|x64
		{14693D1A-CCD2-4B0B-A8AA-CB667C3C2334}.Release|x64.Build.0 = Release|x64
		{14693D1A-CCD2-4B0B-A8AA-CB667C3C2334}.Release|x86.ActiveCfg = Release|Win32
		{14693D1A-CCD2-4B0B-A8AA-CB667C3C2334}.Release|x86.Build.0 = Release|Win32
	EndGlobalSection
	GlobalSection(SolutionProperties) = preSolution
		HideSolutionNode = FALSE
	EndGlobalSection
	GlobalSection(ExtensibilityGlobals) = postSolution
		SolutionGuid = {21BD240F-CC9A-4060-9CB8-2583F9438B5B}
	EndGlobalSection
EndGlobal
